
Microsoft Visual Studio Solution File, Format Version 12.00
# Visual Studio Version 17
VisualStudioVersion = 17.12.35527.113
MinimumVisualStudioVersion = 10.0.40219.1
Project("{FAE04EC0-301F-11D3-BF4B-00C04F79EFBC}") = "Masters.Domain", "Masters.Domain\Masters.Domain.csproj", "{4BF1175F-BA92-4F46-8505-F6D2A9AF2C37}"
EndProject
Project("{FAE04EC0-301F-11D3-BF4B-00C04F79EFBC}") = "Masters.Infrastructure", "Masters.Infrastructure\Masters.Infrastructure.csproj", "{43C1EA4A-716E-4379-B943-0915043DB080}"
EndProject
Project("{FAE04EC0-301F-11D3-BF4B-00C04F79EFBC}") = "Masters.WebAPI", "Masters.WebAPI\Masters.WebAPI.csproj", "{16418929-7AB6-42BD-B366-E0C247528DB5}"
EndProject
Project("{FAE04EC0-301F-11D3-BF4B-00C04F79EFBC}") = "Masters.Services", "Masters.Services\Masters.Services.csproj", "{7A19F895-F957-4878-A2AA-672679DBCD45}"
EndProject
Project("{2150E333-8FDC-42A3-9474-1A3956D46DE8}") = "Sales", "Sales", "{2D0A9796-DE7F-4E32-A45E-0B6E4DD8D3BE}"
EndProject
Project("{2150E333-8FDC-42A3-9474-1A3956D46DE8}") = "Masters", "Masters", "{798C184C-A299-429E-9F02-5E5039E0C5E7}"
EndProject
Project("{FAE04EC0-301F-11D3-BF4B-00C04F79EFBC}") = "Sales.Domain", "Sales.Domain\Sales.Domain.csproj", "{3CCA8294-B9A8-4D45-BA5D-BE9217C32505}"
EndProject
Project("{FAE04EC0-301F-11D3-BF4B-00C04F79EFBC}") = "Sales.Infrastructure", "Sales.Infrastructure\Sales.Infrastructure.csproj", "{C4B8E14A-1386-4A6D-A29F-863B87BEC801}"
EndProject
Project("{FAE04EC0-301F-11D3-BF4B-00C04F79EFBC}") = "Sales.Services", "Sales.Services\Sales.Services.csproj", "{39AC36EC-A3CD-491F-86FB-30093D664CB9}"
EndProject
Project("{FAE04EC0-301F-11D3-BF4B-00C04F79EFBC}") = "Sales.WebAPI", "Sales.WebAPI\Sales.WebAPI.csproj", "{274B2CD8-14EB-4F07-8174-32F85633801D}"
EndProject
Project("{2150E333-8FDC-42A3-9474-1A3956D46DE8}") = "Inventory", "Inventory", "{8C1BB764-3C98-4AA7-A5FE-F294E81DD23A}"
EndProject
Project("{FAE04EC0-301F-11D3-BF4B-00C04F79EFBC}") = "Inventory.Domain", "Inventory.Domain\Inventory.Domain.csproj", "{A35ACBE8-0659-446D-849A-24FF324EEC54}"
EndProject
Project("{FAE04EC0-301F-11D3-BF4B-00C04F79EFBC}") = "Inventory.Infrastructure", "Inventory.Infrastructure\Inventory.Infrastructure.csproj", "{EFEB0C2E-D91F-4B3A-817C-69A3122C6BB0}"
EndProject
Project("{FAE04EC0-301F-11D3-BF4B-00C04F79EFBC}") = "Inventory.Services", "Inventory.Services\Inventory.Services.csproj", "{A4B805B2-335F-4D06-B6A8-27FA53ACBF48}"
EndProject
Project("{FAE04EC0-301F-11D3-BF4B-00C04F79EFBC}") = "Inventory.WebAPI", "Inventory.WebAPI\Inventory.WebAPI.csproj", "{832321EE-7BAC-4604-B6BB-E5E329CC541A}"
EndProject
Project("{2150E333-8FDC-42A3-9474-1A3956D46DE8}") = "Purchase", "Purchase", "{A67CA94E-A0EF-43AB-B68B-1920CB3469A8}"
EndProject
Project("{FAE04EC0-301F-11D3-BF4B-00C04F79EFBC}") = "Purchases.Infrastructure", "Purchase.Infrastructure\Purchases.Infrastructure.csproj", "{1C1490C6-6C99-4476-8968-F2AF1166E1A4}"
EndProject
Project("{FAE04EC0-301F-11D3-BF4B-00C04F79EFBC}") = "Purchases.Services", "Purchase.Services\Purchases.Services.csproj", "{CAD1DC52-4244-486E-8ACE-0C5A0BD7A4B6}"
EndProject
Project("{FAE04EC0-301F-11D3-BF4B-00C04F79EFBC}") = "Purchases.WebAPI", "Purchase.WebAPI\Purchases.WebAPI.csproj", "{E847A416-125E-41A0-AD9E-C1647324E43A}"
EndProject
Project("{FAE04EC0-301F-11D3-BF4B-00C04F79EFBC}") = "Purchases.Domain", "Purchase.Domain\Purchases.Domain.csproj", "{A3EA3EDF-1FB2-449D-A4EA-41D6796780B3}"
EndProject
Project("{2150E333-8FDC-42A3-9474-1A3956D46DE8}") = "BFFs", "BFFs", "{7D3CE973-D0F4-4775-8857-B6145C279AEF}"
EndProject
Project("{FAE04EC0-301F-11D3-BF4B-00C04F79EFBC}") = "Reporting.WebAPI", "Sales.Reporting\Reporting.WebAPI.csproj", "{91FDD092-6BFD-44FA-9B93-F366AFAE8657}"
EndProject
Project("{2150E333-8FDC-42A3-9474-1A3956D46DE8}") = "Common", "Common", "{02EA681E-C7D8-13C7-8484-4AC65E1B71E8}"
EndProject
Project("{FAE04EC0-301F-11D3-BF4B-00C04F79EFBC}") = "OIDC", "OIDC\OIDC.csproj", "{4D26D088-DCC7-4E13-8123-B8DBED40BFC5}"
EndProject
Global
	GlobalSection(SolutionConfigurationPlatforms) = preSolution
		Debug|Any CPU = Debug|Any CPU
		Release|Any CPU = Release|Any CPU
	EndGlobalSection
	GlobalSection(ProjectConfigurationPlatforms) = postSolution
		{4BF1175F-BA92-4F46-8505-F6D2A9AF2C37}.Debug|Any CPU.ActiveCfg = Debug|Any CPU
		{4BF1175F-BA92-4F46-8505-F6D2A9AF2C37}.Debug|Any CPU.Build.0 = Debug|Any CPU
		{4BF1175F-BA92-4F46-8505-F6D2A9AF2C37}.Release|Any CPU.ActiveCfg = Release|Any CPU
		{4BF1175F-BA92-4F46-8505-F6D2A9AF2C37}.Release|Any CPU.Build.0 = Release|Any CPU
		{43C1EA4A-716E-4379-B943-0915043DB080}.Debug|Any CPU.ActiveCfg = Debug|Any CPU
		{43C1EA4A-716E-4379-B943-0915043DB080}.Debug|Any CPU.Build.0 = Debug|Any CPU
		{43C1EA4A-716E-4379-B943-0915043DB080}.Release|Any CPU.ActiveCfg = Release|Any CPU
		{43C1EA4A-716E-4379-B943-0915043DB080}.Release|Any CPU.Build.0 = Release|Any CPU
		{16418929-7AB6-42BD-B366-E0C247528DB5}.Debug|Any CPU.ActiveCfg = Debug|Any CPU
		{16418929-7AB6-42BD-B366-E0C247528DB5}.Debug|Any CPU.Build.0 = Debug|Any CPU
		{16418929-7AB6-42BD-B366-E0C247528DB5}.Release|Any CPU.ActiveCfg = Release|Any CPU
		{16418929-7AB6-42BD-B366-E0C247528DB5}.Release|Any CPU.Build.0 = Release|Any CPU
		{7A19F895-F957-4878-A2AA-672679DBCD45}.Debug|Any CPU.ActiveCfg = Debug|Any CPU
		{7A19F895-F957-4878-A2AA-672679DBCD45}.Debug|Any CPU.Build.0 = Debug|Any CPU
		{7A19F895-F957-4878-A2AA-672679DBCD45}.Release|Any CPU.ActiveCfg = Release|Any CPU
		{7A19F895-F957-4878-A2AA-672679DBCD45}.Release|Any CPU.Build.0 = Release|Any CPU
		{3CCA8294-B9A8-4D45-BA5D-BE9217C32505}.Debug|Any CPU.ActiveCfg = Debug|Any CPU
		{3CCA8294-B9A8-4D45-BA5D-BE9217C32505}.Debug|Any CPU.Build.0 = Debug|Any CPU
		{3CCA8294-B9A8-4D45-BA5D-BE9217C32505}.Release|Any CPU.ActiveCfg = Release|Any CPU
		{3CCA8294-B9A8-4D45-BA5D-BE9217C32505}.Release|Any CPU.Build.0 = Release|Any CPU
		{C4B8E14A-1386-4A6D-A29F-863B87BEC801}.Debug|Any CPU.ActiveCfg = Debug|Any CPU
		{C4B8E14A-1386-4A6D-A29F-863B87BEC801}.Debug|Any CPU.Build.0 = Debug|Any CPU
		{C4B8E14A-1386-4A6D-A29F-863B87BEC801}.Release|Any CPU.ActiveCfg = Release|Any CPU
		{C4B8E14A-1386-4A6D-A29F-863B87BEC801}.Release|Any CPU.Build.0 = Release|Any CPU
		{39AC36EC-A3CD-491F-86FB-30093D664CB9}.Debug|Any CPU.ActiveCfg = Debug|Any CPU
		{39AC36EC-A3CD-491F-86FB-30093D664CB9}.Debug|Any CPU.Build.0 = Debug|Any CPU
		{39AC36EC-A3CD-491F-86FB-30093D664CB9}.Release|Any CPU.ActiveCfg = Release|Any CPU
		{39AC36EC-A3CD-491F-86FB-30093D664CB9}.Release|Any CPU.Build.0 = Release|Any CPU
		{274B2CD8-14EB-4F07-8174-32F85633801D}.Debug|Any CPU.ActiveCfg = Debug|Any CPU
		{274B2CD8-14EB-4F07-8174-32F85633801D}.Debug|Any CPU.Build.0 = Debug|Any CPU
		{274B2CD8-14EB-4F07-8174-32F85633801D}.Release|Any CPU.ActiveCfg = Release|Any CPU
		{274B2CD8-14EB-4F07-8174-32F85633801D}.Release|Any CPU.Build.0 = Release|Any CPU
		{A35ACBE8-0659-446D-849A-24FF324EEC54}.Debug|Any CPU.ActiveCfg = Debug|Any CPU
		{A35ACBE8-0659-446D-849A-24FF324EEC54}.Debug|Any CPU.Build.0 = Debug|Any CPU
		{A35ACBE8-0659-446D-849A-24FF324EEC54}.Release|Any CPU.ActiveCfg = Release|Any CPU
		{A35ACBE8-0659-446D-849A-24FF324EEC54}.Release|Any CPU.Build.0 = Release|Any CPU
		{EFEB0C2E-D91F-4B3A-817C-69A3122C6BB0}.Debug|Any CPU.ActiveCfg = Debug|Any CPU
		{EFEB0C2E-D91F-4B3A-817C-69A3122C6BB0}.Debug|Any CPU.Build.0 = Debug|Any CPU
		{EFEB0C2E-D91F-4B3A-817C-69A3122C6BB0}.Release|Any CPU.ActiveCfg = Release|Any CPU
		{EFEB0C2E-D91F-4B3A-817C-69A3122C6BB0}.Release|Any CPU.Build.0 = Release|Any CPU
		{A4B805B2-335F-4D06-B6A8-27FA53ACBF48}.Debug|Any CPU.ActiveCfg = Debug|Any CPU
		{A4B805B2-335F-4D06-B6A8-27FA53ACBF48}.Debug|Any CPU.Build.0 = Debug|Any CPU
		{A4B805B2-335F-4D06-B6A8-27FA53ACBF48}.Release|Any CPU.ActiveCfg = Release|Any CPU
		{A4B805B2-335F-4D06-B6A8-27FA53ACBF48}.Release|Any CPU.Build.0 = Release|Any CPU
		{832321EE-7BAC-4604-B6BB-E5E329CC541A}.Debug|Any CPU.ActiveCfg = Debug|Any CPU
		{832321EE-7BAC-4604-B6BB-E5E329CC541A}.Debug|Any CPU.Build.0 = Debug|Any CPU
		{832321EE-7BAC-4604-B6BB-E5E329CC541A}.Release|Any CPU.ActiveCfg = Release|Any CPU
		{832321EE-7BAC-4604-B6BB-E5E329CC541A}.Release|Any CPU.Build.0 = Release|Any CPU
		{1C1490C6-6C99-4476-8968-F2AF1166E1A4}.Debug|Any CPU.ActiveCfg = Debug|Any CPU
		{1C1490C6-6C99-4476-8968-F2AF1166E1A4}.Debug|Any CPU.Build.0 = Debug|Any CPU
		{1C1490C6-6C99-4476-8968-F2AF1166E1A4}.Release|Any CPU.ActiveCfg = Release|Any CPU
		{1C1490C6-6C99-4476-8968-F2AF1166E1A4}.Release|Any CPU.Build.0 = Release|Any CPU
		{CAD1DC52-4244-486E-8ACE-0C5A0BD7A4B6}.Debug|Any CPU.ActiveCfg = Debug|Any CPU
		{CAD1DC52-4244-486E-8ACE-0C5A0BD7A4B6}.Debug|Any CPU.Build.0 = Debug|Any CPU
		{CAD1DC52-4244-486E-8ACE-0C5A0BD7A4B6}.Release|Any CPU.ActiveCfg = Release|Any CPU
		{CAD1DC52-4244-486E-8ACE-0C5A0BD7A4B6}.Release|Any CPU.Build.0 = Release|Any CPU
		{E847A416-125E-41A0-AD9E-C1647324E43A}.Debug|Any CPU.ActiveCfg = Debug|Any CPU
		{E847A416-125E-41A0-AD9E-C1647324E43A}.Debug|Any CPU.Build.0 = Debug|Any CPU
		{E847A416-125E-41A0-AD9E-C1647324E43A}.Release|Any CPU.ActiveCfg = Release|Any CPU
		{E847A416-125E-41A0-AD9E-C1647324E43A}.Release|Any CPU.Build.0 = Release|Any CPU
		{A3EA3EDF-1FB2-449D-A4EA-41D6796780B3}.Debug|Any CPU.ActiveCfg = Debug|Any CPU
		{A3EA3EDF-1FB2-449D-A4EA-41D6796780B3}.Debug|Any CPU.Build.0 = Debug|Any CPU
		{A3EA3EDF-1FB2-449D-A4EA-41D6796780B3}.Release|Any CPU.ActiveCfg = Release|Any CPU
		{A3EA3EDF-1FB2-449D-A4EA-41D6796780B3}.Release|Any CPU.Build.0 = Release|Any CPU
		{91FDD092-6BFD-44FA-9B93-F366AFAE8657}.Debug|Any CPU.ActiveCfg = Debug|Any CPU
		{91FDD092-6BFD-44FA-9B93-F366AFAE8657}.Debug|Any CPU.Build.0 = Debug|Any CPU
		{91FDD092-6BFD-44FA-9B93-F366AFAE8657}.Release|Any CPU.ActiveCfg = Release|Any CPU
		{91FDD092-6BFD-44FA-9B93-F366AFAE8657}.Release|Any CPU.Build.0 = Release|Any CPU
		{4D26D088-DCC7-4E13-8123-B8DBED40BFC5}.Debug|Any CPU.ActiveCfg = Debug|Any CPU
		{4D26D088-DCC7-4E13-8123-B8DBED40BFC5}.Debug|Any CPU.Build.0 = Debug|Any CPU
		{4D26D088-DCC7-4E13-8123-B8DBED40BFC5}.Release|Any CPU.ActiveCfg = Release|Any CPU
		{4D26D088-DCC7-4E13-8123-B8DBED40BFC5}.Release|Any CPU.Build.0 = Release|Any CPU
	EndGlobalSection
	GlobalSection(SolutionProperties) = preSolution
		HideSolutionNode = FALSE
	EndGlobalSection
	GlobalSection(NestedProjects) = preSolution
		{4BF1175F-BA92-4F46-8505-F6D2A9AF2C37} = {798C184C-A299-429E-9F02-5E5039E0C5E7}
		{43C1EA4A-716E-4379-B943-0915043DB080} = {798C184C-A299-429E-9F02-5E5039E0C5E7}
		{16418929-7AB6-42BD-B366-E0C247528DB5} = {798C184C-A299-429E-9F02-5E5039E0C5E7}
		{7A19F895-F957-4878-A2AA-672679DBCD45} = {798C184C-A299-429E-9F02-5E5039E0C5E7}
		{3CCA8294-B9A8-4D45-BA5D-BE9217C32505} = {2D0A9796-DE7F-4E32-A45E-0B6E4DD8D3BE}
		{C4B8E14A-1386-4A6D-A29F-863B87BEC801} = {2D0A9796-DE7F-4E32-A45E-0B6E4DD8D3BE}
		{39AC36EC-A3CD-491F-86FB-30093D664CB9} = {2D0A9796-DE7F-4E32-A45E-0B6E4DD8D3BE}
		{274B2CD8-14EB-4F07-8174-32F85633801D} = {2D0A9796-DE7F-4E32-A45E-0B6E4DD8D3BE}
		{A35ACBE8-0659-446D-849A-24FF324EEC54} = {8C1BB764-3C98-4AA7-A5FE-F294E81DD23A}
		{EFEB0C2E-D91F-4B3A-817C-69A3122C6BB0} = {8C1BB764-3C98-4AA7-A5FE-F294E81DD23A}
		{A4B805B2-335F-4D06-B6A8-27FA53ACBF48} = {8C1BB764-3C98-4AA7-A5FE-F294E81DD23A}
		{832321EE-7BAC-4604-B6BB-E5E329CC541A} = {8C1BB764-3C98-4AA7-A5FE-F294E81DD23A}
		{1C1490C6-6C99-4476-8968-F2AF1166E1A4} = {A67CA94E-A0EF-43AB-B68B-1920CB3469A8}
		{CAD1DC52-4244-486E-8ACE-0C5A0BD7A4B6} = {A67CA94E-A0EF-43AB-B68B-1920CB3469A8}
		{E847A416-125E-41A0-AD9E-C1647324E43A} = {A67CA94E-A0EF-43AB-B68B-1920CB3469A8}
		{A3EA3EDF-1FB2-449D-A4EA-41D6796780B3} = {A67CA94E-A0EF-43AB-B68B-1920CB3469A8}
		{91FDD092-6BFD-44FA-9B93-F366AFAE8657} = {7D3CE973-D0F4-4775-8857-B6145C279AEF}
		{4D26D088-DCC7-4E13-8123-B8DBED40BFC5} = {02EA681E-C7D8-13C7-8484-4AC65E1B71E8}
	EndGlobalSection
	GlobalSection(ExtensibilityGlobals) = postSolution
		SolutionGuid = {93068471-2DA2-40A5-A7AB-4B13218213CF}
	EndGlobalSection
EndGlobal
